# -------------------------------------------------------------------------- #
#
# Copyright (C) 1991-2012 Altera Corporation
# Your use of Altera Corporation's design tools, logic functions 
# and other software and tools, and its AMPP partner logic 
# functions, and any output files from any of the foregoing 
# (including device programming or simulation files), and any 
# associated documentation or information are expressly subject 
# to the terms and conditions of the Altera Program License 
# Subscription Agreement, Altera MegaCore Function License 
# Agreement, or other applicable license agreement, including, 
# without limitation, that your use is for the sole purpose of 
# programming logic devices manufactured by Altera and sold by 
# Altera or its authorized distributors.  Please refer to the 
# applicable agreement for further details.
#
# -------------------------------------------------------------------------- #
#
# Quartus II 32-bit
# Version 12.0 Build 178 05/31/2012 SJ Web Edition
# Date created = 11:32:41  February 06, 2013
#
# -------------------------------------------------------------------------- #
#
# Notes:
#
# 1) The default values for assignments are stored in the file:
#		FDD_Lab7_assignment_defaults.qdf
#    If this file doesn't exist, see file:
#		assignment_defaults.qdf
#
# 2) Altera recommends that you do not modify this file. This
#    file is updated automatically by the Quartus II software
#    and any changes you make may be lost or overwritten.
#
# -------------------------------------------------------------------------- #


set_global_assignment -name FAMILY "Cyclone III"
set_global_assignment -name DEVICE EP3C16U484C6
set_global_assignment -name TOP_LEVEL_ENTITY FDD_Lab7
set_global_assignment -name ORIGINAL_QUARTUS_VERSION 12.0
set_global_assignment -name PROJECT_CREATION_TIME_DATE "11:32:41  FEBRUARY 06, 2013"
set_global_assignment -name LAST_QUARTUS_VERSION 13.1
set_global_assignment -name MIN_CORE_JUNCTION_TEMP 0
set_global_assignment -name MAX_CORE_JUNCTION_TEMP 85
set_global_assignment -name ERROR_CHECK_FREQUENCY_DIVISOR 1
set_global_assignment -name NOMINAL_CORE_SUPPLY_VOLTAGE 1.2V
set_global_assignment -name EDA_SIMULATION_TOOL "ModelSim-Altera (VHDL)"
set_global_assignment -name EDA_OUTPUT_DATA_FORMAT VHDL -section_id eda_simulation
set_global_assignment -name VHDL_FILE CLOCK.vhd
set_global_assignment -name VHDL_FILE DECODER_LIGHT.vhd
set_global_assignment -name BDF_FILE REQUEST_MANAGER.bdf
set_global_assignment -name BDF_FILE cnt_4bit.bdf
set_global_assignment -name BDF_FILE Reg_4bit.bdf
set_global_assignment -name VHDL_FILE BCD_7Seg_DEC.vhd
set_global_assignment -name CDF_FILE ../Lab2/output_files/Chain1.cdf
set_global_assignment -name CDF_FILE ../Lab2/output_files/Chain2.cdf
set_location_assignment PIN_F1 -to Button2
set_location_assignment PIN_G21 -to Clk
set_location_assignment PIN_E11 -to Hex0[0]
set_location_assignment PIN_F11 -to Hex0[1]
set_location_assignment PIN_H12 -to Hex0[2]
set_location_assignment PIN_H13 -to Hex0[3]
set_location_assignment PIN_G12 -to Hex0[4]
set_location_assignment PIN_F12 -to Hex0[5]
set_location_assignment PIN_F13 -to Hex0[6]
set_location_assignment PIN_A13 -to Hex1[0]
set_location_assignment PIN_B13 -to Hex1[1]
set_location_assignment PIN_C13 -to Hex1[2]
set_location_assignment PIN_A14 -to Hex1[3]
set_location_assignment PIN_B14 -to Hex1[4]
set_location_assignment PIN_E14 -to Hex1[5]
set_location_assignment PIN_A15 -to Hex1[6]
set_location_assignment PIN_D15 -to Hex2[0]
set_location_assignment PIN_A16 -to Hex2[1]
set_location_assignment PIN_B16 -to Hex2[2]
set_location_assignment PIN_E15 -to Hex2[3]
set_location_assignment PIN_A17 -to Hex2[4]
set_location_assignment PIN_B17 -to Hex2[5]
set_location_assignment PIN_F14 -to Hex2[6]
set_location_assignment PIN_B18 -to Hex3[0]
set_location_assignment PIN_F15 -to Hex3[1]
set_location_assignment PIN_A19 -to Hex3[2]
set_location_assignment PIN_B19 -to Hex3[3]
set_location_assignment PIN_C19 -to Hex3[4]
set_location_assignment PIN_D19 -to Hex3[5]
set_location_assignment PIN_G15 -to Hex3[6]
set_location_assignment PIN_H2 -to Reset
set_location_assignment PIN_J6 -to SW[0]
set_location_assignment PIN_H5 -to SW[1]
set_location_assignment PIN_H6 -to SW[2]
set_location_assignment PIN_G4 -to SW[3]
set_location_assignment PIN_G3 -to Button1